# This file is automatically @generated by Poetry 1.5.1 and should not be changed by hand.

[[package]]
name = "pycoin"
version = "0.92.20230326"
description = "Utilities for Bitcoin and altcoin addresses and transaction manipulation."
optional = false
python-versions = "*"
files = [
    {file = "pycoin-0.92.20230326.tar.gz", hash = "sha256:0d85f0013447c356b2f6cc0bb903ad07ee4b72805ee13b40296cd0831112c0df"},
]

[metadata]
lock-version = "2.0"
python-versions = "^3.10"
content-hash = "007b2a0f8395a30d8cc040acc565734cff52b3ffc88b2a16c3cf146135c07c9c"
